
Microsoft Visual Studio Solution File, Format Version 12.00
# Visual Studio 14
VisualStudioVersion = 14.0.25420.1
MinimumVisualStudioVersion = 10.0.40219.1
Project("{2150E333-8FDC-42A3-9474-1A3956D46DE8}") = ".nuget", ".nuget", "{2CB0B936-560A-4760-BCB5-C23AA3402169}"
EndProject
Project("{2150E333-8FDC-42A3-9474-1A3956D46DE8}") = "Tests", "Tests", "{9B9A25D2-BC91-403B-9D16-608F91560C00}"
EndProject
Project("{FAE04EC0-301F-11D3-BF4B-00C04F79EFBC}") = "Sixeyed.Extensions.Advanced", "Sixeyed.Extensions.Advanced\Sixeyed.Extensions.Advanced.csproj", "{1425204D-4DEB-417C-AAB2-512AF30FFAAD}"
EndProject
Project("{FAE04EC0-301F-11D3-BF4B-00C04F79EFBC}") = "Sixeyed.Extensions.Advanced.Tests", "Sixeyed.Extensions.Advanced.Tests\Sixeyed.Extensions.Advanced.Tests.csproj", "{9660D023-DEAC-458F-9828-7FECBB940FDA}"
EndProject
Project("{F184B08F-C81C-45F6-A57F-5ABD9991F28F}") = "Sixeyed.Extensions.Advanced.VbTests", "Sixeyed.Extensions.Advanced.VbTests\Sixeyed.Extensions.Advanced.VbTests.vbproj", "{742DDB2B-C074-4C38-A146-B91541C6F47F}"
EndProject
Project("{FAE04EC0-301F-11D3-BF4B-00C04F79EFBC}") = "Sixeyed.Extensions.Advaced.StoreTests", "Sixeyed.Extensions.Advaced.StoreTests\Sixeyed.Extensions.Advaced.StoreTests.csproj", "{6D66F566-EB7B-4882-AB07-3DBF69EC7CEA}"
EndProject
Project("{FAE04EC0-301F-11D3-BF4B-00C04F79EFBC}") = "Sixeyed.Extensions.Advanced.Portable", "Sixeyed.Extensions.Advanced.Portable\Sixeyed.Extensions.Advanced.Portable.csproj", "{118469C0-D899-4DC3-886A-3F16A7CBEC0F}"
EndProject
Global
	GlobalSection(SolutionConfigurationPlatforms) = preSolution
		Debug|Any CPU = Debug|Any CPU
		Debug|ARM = Debug|ARM
		Debug|x64 = Debug|x64
		Debug|x86 = Debug|x86
		Release|Any CPU = Release|Any CPU
		Release|ARM = Release|ARM
		Release|x64 = Release|x64
		Release|x86 = Release|x86
	EndGlobalSection
	GlobalSection(ProjectConfigurationPlatforms) = postSolution
		{1425204D-4DEB-417C-AAB2-512AF30FFAAD}.Debug|Any CPU.ActiveCfg = Debug|Any CPU
		{1425204D-4DEB-417C-AAB2-512AF30FFAAD}.Debug|Any CPU.Build.0 = Debug|Any CPU
		{1425204D-4DEB-417C-AAB2-512AF30FFAAD}.Debug|ARM.ActiveCfg = Debug|Any CPU
		{1425204D-4DEB-417C-AAB2-512AF30FFAAD}.Debug|ARM.Build.0 = Debug|Any CPU
		{1425204D-4DEB-417C-AAB2-512AF30FFAAD}.Debug|x64.ActiveCfg = Debug|Any CPU
		{1425204D-4DEB-417C-AAB2-512AF30FFAAD}.Debug|x64.Build.0 = Debug|Any CPU
		{1425204D-4DEB-417C-AAB2-512AF30FFAAD}.Debug|x86.ActiveCfg = Debug|Any CPU
		{1425204D-4DEB-417C-AAB2-512AF30FFAAD}.Debug|x86.Build.0 = Debug|Any CPU
		{1425204D-4DEB-417C-AAB2-512AF30FFAAD}.Release|Any CPU.ActiveCfg = Release|Any CPU
		{1425204D-4DEB-417C-AAB2-512AF30FFAAD}.Release|Any CPU.Build.0 = Release|Any CPU
		{1425204D-4DEB-417C-AAB2-512AF30FFAAD}.Release|ARM.ActiveCfg = Release|Any CPU
		{1425204D-4DEB-417C-AAB2-512AF30FFAAD}.Release|ARM.Build.0 = Release|Any CPU
		{1425204D-4DEB-417C-AAB2-512AF30FFAAD}.Release|x64.ActiveCfg = Release|Any CPU
		{1425204D-4DEB-417C-AAB2-512AF30FFAAD}.Release|x64.Build.0 = Release|Any CPU
		{1425204D-4DEB-417C-AAB2-512AF30FFAAD}.Release|x86.ActiveCfg = Release|Any CPU
		{1425204D-4DEB-417C-AAB2-512AF30FFAAD}.Release|x86.Build.0 = Release|Any CPU
		{9660D023-DEAC-458F-9828-7FECBB940FDA}.Debug|Any CPU.ActiveCfg = Debug|Any CPU
		{9660D023-DEAC-458F-9828-7FECBB940FDA}.Debug|Any CPU.Build.0 = Debug|Any CPU
		{9660D023-DEAC-458F-9828-7FECBB940FDA}.Debug|ARM.ActiveCfg = Debug|Any CPU
		{9660D023-DEAC-458F-9828-7FECBB940FDA}.Debug|ARM.Build.0 = Debug|Any CPU
		{9660D023-DEAC-458F-9828-7FECBB940FDA}.Debug|x64.ActiveCfg = Debug|Any CPU
		{9660D023-DEAC-458F-9828-7FECBB940FDA}.Debug|x64.Build.0 = Debug|Any CPU
		{9660D023-DEAC-458F-9828-7FECBB940FDA}.Debug|x86.ActiveCfg = Debug|Any CPU
		{9660D023-DEAC-458F-9828-7FECBB940FDA}.Debug|x86.Build.0 = Debug|Any CPU
		{9660D023-DEAC-458F-9828-7FECBB940FDA}.Release|Any CPU.ActiveCfg = Release|Any CPU
		{9660D023-DEAC-458F-9828-7FECBB940FDA}.Release|Any CPU.Build.0 = Release|Any CPU
		{9660D023-DEAC-458F-9828-7FECBB940FDA}.Release|ARM.ActiveCfg = Release|Any CPU
		{9660D023-DEAC-458F-9828-7FECBB940FDA}.Release|ARM.Build.0 = Release|Any CPU
		{9660D023-DEAC-458F-9828-7FECBB940FDA}.Release|x64.ActiveCfg = Release|Any CPU
		{9660D023-DEAC-458F-9828-7FECBB940FDA}.Release|x64.Build.0 = Release|Any CPU
		{9660D023-DEAC-458F-9828-7FECBB940FDA}.Release|x86.ActiveCfg = Release|Any CPU
		{9660D023-DEAC-458F-9828-7FECBB940FDA}.Release|x86.Build.0 = Release|Any CPU
		{742DDB2B-C074-4C38-A146-B91541C6F47F}.Debug|Any CPU.ActiveCfg = Debug|Any CPU
		{742DDB2B-C074-4C38-A146-B91541C6F47F}.Debug|Any CPU.Build.0 = Debug|Any CPU
		{742DDB2B-C074-4C38-A146-B91541C6F47F}.Debug|ARM.ActiveCfg = Debug|Any CPU
		{742DDB2B-C074-4C38-A146-B91541C6F47F}.Debug|ARM.Build.0 = Debug|Any CPU
		{742DDB2B-C074-4C38-A146-B91541C6F47F}.Debug|x64.ActiveCfg = Debug|Any CPU
		{742DDB2B-C074-4C38-A146-B91541C6F47F}.Debug|x64.Build.0 = Debug|Any CPU
		{742DDB2B-C074-4C38-A146-B91541C6F47F}.Debug|x86.ActiveCfg = Debug|Any CPU
		{742DDB2B-C074-4C38-A146-B91541C6F47F}.Debug|x86.Build.0 = Debug|Any CPU
		{742DDB2B-C074-4C38-A146-B91541C6F47F}.Release|Any CPU.ActiveCfg = Release|Any CPU
		{742DDB2B-C074-4C38-A146-B91541C6F47F}.Release|Any CPU.Build.0 = Release|Any CPU
		{742DDB2B-C074-4C38-A146-B91541C6F47F}.Release|ARM.ActiveCfg = Release|Any CPU
		{742DDB2B-C074-4C38-A146-B91541C6F47F}.Release|ARM.Build.0 = Release|Any CPU
		{742DDB2B-C074-4C38-A146-B91541C6F47F}.Release|x64.ActiveCfg = Release|Any CPU
		{742DDB2B-C074-4C38-A146-B91541C6F47F}.Release|x64.Build.0 = Release|Any CPU
		{742DDB2B-C074-4C38-A146-B91541C6F47F}.Release|x86.ActiveCfg = Release|Any CPU
		{742DDB2B-C074-4C38-A146-B91541C6F47F}.Release|x86.Build.0 = Release|Any CPU
		{6D66F566-EB7B-4882-AB07-3DBF69EC7CEA}.Debug|Any CPU.ActiveCfg = Debug|Any CPU
		{6D66F566-EB7B-4882-AB07-3DBF69EC7CEA}.Debug|Any CPU.Build.0 = Debug|Any CPU
		{6D66F566-EB7B-4882-AB07-3DBF69EC7CEA}.Debug|Any CPU.Deploy.0 = Debug|Any CPU
		{6D66F566-EB7B-4882-AB07-3DBF69EC7CEA}.Debug|ARM.ActiveCfg = Debug|ARM
		{6D66F566-EB7B-4882-AB07-3DBF69EC7CEA}.Debug|ARM.Build.0 = Debug|ARM
		{6D66F566-EB7B-4882-AB07-3DBF69EC7CEA}.Debug|ARM.Deploy.0 = Debug|ARM
		{6D66F566-EB7B-4882-AB07-3DBF69EC7CEA}.Debug|x64.ActiveCfg = Debug|x64
		{6D66F566-EB7B-4882-AB07-3DBF69EC7CEA}.Debug|x64.Build.0 = Debug|x64
		{6D66F566-EB7B-4882-AB07-3DBF69EC7CEA}.Debug|x64.Deploy.0 = Debug|x64
		{6D66F566-EB7B-4882-AB07-3DBF69EC7CEA}.Debug|x86.ActiveCfg = Debug|x86
		{6D66F566-EB7B-4882-AB07-3DBF69EC7CEA}.Debug|x86.Build.0 = Debug|x86
		{6D66F566-EB7B-4882-AB07-3DBF69EC7CEA}.Debug|x86.Deploy.0 = Debug|x86
		{6D66F566-EB7B-4882-AB07-3DBF69EC7CEA}.Release|Any CPU.ActiveCfg = Release|Any CPU
		{6D66F566-EB7B-4882-AB07-3DBF69EC7CEA}.Release|Any CPU.Build.0 = Release|Any CPU
		{6D66F566-EB7B-4882-AB07-3DBF69EC7CEA}.Release|Any CPU.Deploy.0 = Release|Any CPU
		{6D66F566-EB7B-4882-AB07-3DBF69EC7CEA}.Release|ARM.ActiveCfg = Release|ARM
		{6D66F566-EB7B-4882-AB07-3DBF69EC7CEA}.Release|ARM.Build.0 = Release|ARM
		{6D66F566-EB7B-4882-AB07-3DBF69EC7CEA}.Release|ARM.Deploy.0 = Release|ARM
		{6D66F566-EB7B-4882-AB07-3DBF69EC7CEA}.Release|x64.ActiveCfg = Release|x64
		{6D66F566-EB7B-4882-AB07-3DBF69EC7CEA}.Release|x64.Build.0 = Release|x64
		{6D66F566-EB7B-4882-AB07-3DBF69EC7CEA}.Release|x64.Deploy.0 = Release|x64
		{6D66F566-EB7B-4882-AB07-3DBF69EC7CEA}.Release|x86.ActiveCfg = Release|x86
		{6D66F566-EB7B-4882-AB07-3DBF69EC7CEA}.Release|x86.Build.0 = Release|x86
		{6D66F566-EB7B-4882-AB07-3DBF69EC7CEA}.Release|x86.Deploy.0 = Release|x86
		{118469C0-D899-4DC3-886A-3F16A7CBEC0F}.Debug|Any CPU.ActiveCfg = Debug|Any CPU
		{118469C0-D899-4DC3-886A-3F16A7CBEC0F}.Debug|Any CPU.Build.0 = Debug|Any CPU
		{118469C0-D899-4DC3-886A-3F16A7CBEC0F}.Debug|ARM.ActiveCfg = Debug|Any CPU
		{118469C0-D899-4DC3-886A-3F16A7CBEC0F}.Debug|ARM.Build.0 = Debug|Any CPU
		{118469C0-D899-4DC3-886A-3F16A7CBEC0F}.Debug|x64.ActiveCfg = Debug|Any CPU
		{118469C0-D899-4DC3-886A-3F16A7CBEC0F}.Debug|x64.Build.0 = Debug|Any CPU
		{118469C0-D899-4DC3-886A-3F16A7CBEC0F}.Debug|x86.ActiveCfg = Debug|Any CPU
		{118469C0-D899-4DC3-886A-3F16A7CBEC0F}.Debug|x86.Build.0 = Debug|Any CPU
		{118469C0-D899-4DC3-886A-3F16A7CBEC0F}.Release|Any CPU.ActiveCfg = Release|Any CPU
		{118469C0-D899-4DC3-886A-3F16A7CBEC0F}.Release|Any CPU.Build.0 = Release|Any CPU
		{118469C0-D899-4DC3-886A-3F16A7CBEC0F}.Release|ARM.ActiveCfg = Release|Any CPU
		{118469C0-D899-4DC3-886A-3F16A7CBEC0F}.Release|ARM.Build.0 = Release|Any CPU
		{118469C0-D899-4DC3-886A-3F16A7CBEC0F}.Release|x64.ActiveCfg = Release|Any CPU
		{118469C0-D899-4DC3-886A-3F16A7CBEC0F}.Release|x64.Build.0 = Release|Any CPU
		{118469C0-D899-4DC3-886A-3F16A7CBEC0F}.Release|x86.ActiveCfg = Release|Any CPU
		{118469C0-D899-4DC3-886A-3F16A7CBEC0F}.Release|x86.Build.0 = Release|Any CPU
	EndGlobalSection
	GlobalSection(SolutionProperties) = preSolution
		HideSolutionNode = FALSE
	EndGlobalSection
	GlobalSection(NestedProjects) = preSolution
		{9660D023-DEAC-458F-9828-7FECBB940FDA} = {9B9A25D2-BC91-403B-9D16-608F91560C00}
		{742DDB2B-C074-4C38-A146-B91541C6F47F} = {9B9A25D2-BC91-403B-9D16-608F91560C00}
		{6D66F566-EB7B-4882-AB07-3DBF69EC7CEA} = {9B9A25D2-BC91-403B-9D16-608F91560C00}
	EndGlobalSection
EndGlobal
